
Microsoft Visual Studio Solution File, Format Version 12.00
# Visual Studio Version 17
VisualStudioVersion = 17.7.34221.43
MinimumVisualStudioVersion = 10.0.40219.1
Project("{D954291E-2A0B-460D-934E-DC6B0785DB48}") = "UnoApp1.Shared", "UnoApp1\UnoApp1.Shared\UnoApp1.Shared.shproj", "{6279C845-92F8-4333-AB99-3D213163593C}"
EndProject
Project("{FAE04EC0-301F-11D3-BF4B-00C04F79EFBC}") = "UnoApp1.Mobile", "UnoApp1\UnoApp1.Mobile\UnoApp1.Mobile.csproj", "{0DC9AD2A-6B0F-47A1-9FC5-222315B88C70}"
EndProject
Project("{FAE04EC0-301F-11D3-BF4B-00C04F79EFBC}") = "UnoApp1.Uwp", "UnoApp1\UnoApp1.UWP\UnoApp1.Uwp.csproj", "{2570496A-DA30-4391-B57B-46A484AF46D8}"
EndProject
Project("{FAE04EC0-301F-11D3-BF4B-00C04F79EFBC}") = "UnoApp1.Skia.Gtk", "UnoApp1\UnoApp1.Skia.Gtk\UnoApp1.Skia.Gtk.csproj", "{C7D907ED-980D-4949-9DE2-7208E78EF371}"
EndProject
Project("{FAE04EC0-301F-11D3-BF4B-00C04F79EFBC}") = "UnoApp1.Skia.Wpf", "UnoApp1\UnoApp1.Skia.WPF\UnoApp1.Skia.Wpf.csproj", "{1599659D-7073-458D-9324-C10E380060F9}"
EndProject
Project("{FAE04EC0-301F-11D3-BF4B-00C04F79EFBC}") = "UnoApp1.Skia.Linux.FrameBuffer", "UnoApp1\UnoApp1.Skia.Linux.FrameBuffer\UnoApp1.Skia.Linux.FrameBuffer.csproj", "{5DFEF6CB-11D5-4575-A645-9DD1772270F3}"
EndProject
Global
	GlobalSection(SolutionConfigurationPlatforms) = preSolution
		Debug|Any CPU = Debug|Any CPU
		Debug|ARM = Debug|ARM
		Debug|ARM64 = Debug|ARM64
		Debug|x64 = Debug|x64
		Debug|x86 = Debug|x86
		Release|Any CPU = Release|Any CPU
		Release|ARM = Release|ARM
		Release|ARM64 = Release|ARM64
		Release|x64 = Release|x64
		Release|x86 = Release|x86
	EndGlobalSection
	GlobalSection(ProjectConfigurationPlatforms) = postSolution
		{0DC9AD2A-6B0F-47A1-9FC5-222315B88C70}.Debug|Any CPU.ActiveCfg = Debug|Any CPU
		{0DC9AD2A-6B0F-47A1-9FC5-222315B88C70}.Debug|Any CPU.Build.0 = Debug|Any CPU
		{0DC9AD2A-6B0F-47A1-9FC5-222315B88C70}.Debug|Any CPU.Deploy.0 = Debug|Any CPU
		{0DC9AD2A-6B0F-47A1-9FC5-222315B88C70}.Debug|ARM.ActiveCfg = Debug|Any CPU
		{0DC9AD2A-6B0F-47A1-9FC5-222315B88C70}.Debug|ARM.Build.0 = Debug|Any CPU
		{0DC9AD2A-6B0F-47A1-9FC5-222315B88C70}.Debug|ARM.Deploy.0 = Debug|Any CPU
		{0DC9AD2A-6B0F-47A1-9FC5-222315B88C70}.Debug|ARM64.ActiveCfg = Debug|Any CPU
		{0DC9AD2A-6B0F-47A1-9FC5-222315B88C70}.Debug|ARM64.Build.0 = Debug|Any CPU
		{0DC9AD2A-6B0F-47A1-9FC5-222315B88C70}.Debug|ARM64.Deploy.0 = Debug|Any CPU
		{0DC9AD2A-6B0F-47A1-9FC5-222315B88C70}.Debug|x64.ActiveCfg = Debug|Any CPU
		{0DC9AD2A-6B0F-47A1-9FC5-222315B88C70}.Debug|x64.Build.0 = Debug|Any CPU
		{0DC9AD2A-6B0F-47A1-9FC5-222315B88C70}.Debug|x64.Deploy.0 = Debug|Any CPU
		{0DC9AD2A-6B0F-47A1-9FC5-222315B88C70}.Debug|x86.ActiveCfg = Debug|Any CPU
		{0DC9AD2A-6B0F-47A1-9FC5-222315B88C70}.Debug|x86.Build.0 = Debug|Any CPU
		{0DC9AD2A-6B0F-47A1-9FC5-222315B88C70}.Debug|x86.Deploy.0 = Debug|Any CPU
		{0DC9AD2A-6B0F-47A1-9FC5-222315B88C70}.Release|Any CPU.ActiveCfg = Release|Any CPU
		{0DC9AD2A-6B0F-47A1-9FC5-222315B88C70}.Release|Any CPU.Build.0 = Release|Any CPU
		{0DC9AD2A-6B0F-47A1-9FC5-222315B88C70}.Release|Any CPU.Deploy.0 = Release|Any CPU
		{0DC9AD2A-6B0F-47A1-9FC5-222315B88C70}.Release|ARM.ActiveCfg = Release|Any CPU
		{0DC9AD2A-6B0F-47A1-9FC5-222315B88C70}.Release|ARM.Build.0 = Release|Any CPU
		{0DC9AD2A-6B0F-47A1-9FC5-222315B88C70}.Release|ARM.Deploy.0 = Release|Any CPU
		{0DC9AD2A-6B0F-47A1-9FC5-222315B88C70}.Release|ARM64.ActiveCfg = Release|Any CPU
		{0DC9AD2A-6B0F-47A1-9FC5-222315B88C70}.Release|ARM64.Build.0 = Release|Any CPU
		{0DC9AD2A-6B0F-47A1-9FC5-222315B88C70}.Release|ARM64.Deploy.0 = Release|Any CPU
		{0DC9AD2A-6B0F-47A1-9FC5-222315B88C70}.Release|x64.ActiveCfg = Release|Any CPU
		{0DC9AD2A-6B0F-47A1-9FC5-222315B88C70}.Release|x64.Build.0 = Release|Any CPU
		{0DC9AD2A-6B0F-47A1-9FC5-222315B88C70}.Release|x64.Deploy.0 = Release|Any CPU
		{0DC9AD2A-6B0F-47A1-9FC5-222315B88C70}.Release|x86.ActiveCfg = Release|Any CPU
		{0DC9AD2A-6B0F-47A1-9FC5-222315B88C70}.Release|x86.Build.0 = Release|Any CPU
		{0DC9AD2A-6B0F-47A1-9FC5-222315B88C70}.Release|x86.Deploy.0 = Release|Any CPU
		{2570496A-DA30-4391-B57B-46A484AF46D8}.Debug|Any CPU.ActiveCfg = Debug|x64
		{2570496A-DA30-4391-B57B-46A484AF46D8}.Debug|Any CPU.Build.0 = Debug|x64
		{2570496A-DA30-4391-B57B-46A484AF46D8}.Debug|Any CPU.Deploy.0 = Debug|x64
		{2570496A-DA30-4391-B57B-46A484AF46D8}.Debug|ARM.ActiveCfg = Debug|ARM
		{2570496A-DA30-4391-B57B-46A484AF46D8}.Debug|ARM.Build.0 = Debug|ARM
		{2570496A-DA30-4391-B57B-46A484AF46D8}.Debug|ARM.Deploy.0 = Debug|ARM
		{2570496A-DA30-4391-B57B-46A484AF46D8}.Debug|ARM64.ActiveCfg = Debug|ARM64
		{2570496A-DA30-4391-B57B-46A484AF46D8}.Debug|ARM64.Build.0 = Debug|ARM64
		{2570496A-DA30-4391-B57B-46A484AF46D8}.Debug|ARM64.Deploy.0 = Debug|ARM64
		{2570496A-DA30-4391-B57B-46A484AF46D8}.Debug|x64.ActiveCfg = Debug|x64
		{2570496A-DA30-4391-B57B-46A484AF46D8}.Debug|x64.Build.0 = Debug|x64
		{2570496A-DA30-4391-B57B-46A484AF46D8}.Debug|x64.Deploy.0 = Debug|x64
		{2570496A-DA30-4391-B57B-46A484AF46D8}.Debug|x86.ActiveCfg = Debug|x86
		{2570496A-DA30-4391-B57B-46A484AF46D8}.Debug|x86.Build.0 = Debug|x86
		{2570496A-DA30-4391-B57B-46A484AF46D8}.Debug|x86.Deploy.0 = Debug|x86
		{2570496A-DA30-4391-B57B-46A484AF46D8}.Release|Any CPU.ActiveCfg = Release|x64
		{2570496A-DA30-4391-B57B-46A484AF46D8}.Release|Any CPU.Build.0 = Release|x64
		{2570496A-DA30-4391-B57B-46A484AF46D8}.Release|Any CPU.Deploy.0 = Release|x64
		{2570496A-DA30-4391-B57B-46A484AF46D8}.Release|ARM.ActiveCfg = Release|ARM
		{2570496A-DA30-4391-B57B-46A484AF46D8}.Release|ARM.Build.0 = Release|ARM
		{2570496A-DA30-4391-B57B-46A484AF46D8}.Release|ARM.Deploy.0 = Release|ARM
		{2570496A-DA30-4391-B57B-46A484AF46D8}.Release|ARM64.ActiveCfg = Release|ARM64
		{2570496A-DA30-4391-B57B-46A484AF46D8}.Release|ARM64.Build.0 = Release|ARM64
		{2570496A-DA30-4391-B57B-46A484AF46D8}.Release|ARM64.Deploy.0 = Release|ARM64
		{2570496A-DA30-4391-B57B-46A484AF46D8}.Release|x64.ActiveCfg = Release|x64
		{2570496A-DA30-4391-B57B-46A484AF46D8}.Release|x64.Build.0 = Release|x64
		{2570496A-DA30-4391-B57B-46A484AF46D8}.Release|x64.Deploy.0 = Release|x64
		{2570496A-DA30-4391-B57B-46A484AF46D8}.Release|x86.ActiveCfg = Release|x86
		{2570496A-DA30-4391-B57B-46A484AF46D8}.Release|x86.Build.0 = Release|x86
		{2570496A-DA30-4391-B57B-46A484AF46D8}.Release|x86.Deploy.0 = Release|x86
		{C7D907ED-980D-4949-9DE2-7208E78EF371}.Debug|Any CPU.ActiveCfg = Debug|Any CPU
		{C7D907ED-980D-4949-9DE2-7208E78EF371}.Debug|Any CPU.Build.0 = Debug|Any CPU
		{C7D907ED-980D-4949-9DE2-7208E78EF371}.Debug|ARM.ActiveCfg = Debug|Any CPU
		{C7D907ED-980D-4949-9DE2-7208E78EF371}.Debug|ARM.Build.0 = Debug|Any CPU
		{C7D907ED-980D-4949-9DE2-7208E78EF371}.Debug|ARM64.ActiveCfg = Debug|Any CPU
		{C7D907ED-980D-4949-9DE2-7208E78EF371}.Debug|ARM64.Build.0 = Debug|Any CPU
		{C7D907ED-980D-4949-9DE2-7208E78EF371}.Debug|x64.ActiveCfg = Debug|Any CPU
		{C7D907ED-980D-4949-9DE2-7208E78EF371}.Debug|x64.Build.0 = Debug|Any CPU
		{C7D907ED-980D-4949-9DE2-7208E78EF371}.Debug|x86.ActiveCfg = Debug|Any CPU
		{C7D907ED-980D-4949-9DE2-7208E78EF371}.Debug|x86.Build.0 = Debug|Any CPU
		{C7D907ED-980D-4949-9DE2-7208E78EF371}.Release|Any CPU.ActiveCfg = Release|Any CPU
		{C7D907ED-980D-4949-9DE2-7208E78EF371}.Release|Any CPU.Build.0 = Release|Any CPU
		{C7D907ED-980D-4949-9DE2-7208E78EF371}.Release|ARM.ActiveCfg = Release|Any CPU
		{C7D907ED-980D-4949-9DE2-7208E78EF371}.Release|ARM.Build.0 = Release|Any CPU
		{C7D907ED-980D-4949-9DE2-7208E78EF371}.Release|ARM64.ActiveCfg = Release|Any CPU
		{C7D907ED-980D-4949-9DE2-7208E78EF371}.Release|ARM64.Build.0 = Release|Any CPU
		{C7D907ED-980D-4949-9DE2-7208E78EF371}.Release|x64.ActiveCfg = Release|Any CPU
		{C7D907ED-980D-4949-9DE2-7208E78EF371}.Release|x64.Build.0 = Release|Any CPU
		{C7D907ED-980D-4949-9DE2-7208E78EF371}.Release|x86.ActiveCfg = Release|Any CPU
		{C7D907ED-980D-4949-9DE2-7208E78EF371}.Release|x86.Build.0 = Release|Any CPU
		{1599659D-7073-458D-9324-C10E380060F9}.Debug|Any CPU.ActiveCfg = Debug|Any CPU
		{1599659D-7073-458D-9324-C10E380060F9}.Debug|Any CPU.Build.0 = Debug|Any CPU
		{1599659D-7073-458D-9324-C10E380060F9}.Debug|ARM.ActiveCfg = Debug|Any CPU
		{1599659D-7073-458D-9324-C10E380060F9}.Debug|ARM.Build.0 = Debug|Any CPU
		{1599659D-7073-458D-9324-C10E380060F9}.Debug|ARM64.ActiveCfg = Debug|Any CPU
		{1599659D-7073-458D-9324-C10E380060F9}.Debug|ARM64.Build.0 = Debug|Any CPU
		{1599659D-7073-458D-9324-C10E380060F9}.Debug|x64.ActiveCfg = Debug|Any CPU
		{1599659D-7073-458D-9324-C10E380060F9}.Debug|x64.Build.0 = Debug|Any CPU
		{1599659D-7073-458D-9324-C10E380060F9}.Debug|x86.ActiveCfg = Debug|Any CPU
		{1599659D-7073-458D-9324-C10E380060F9}.Debug|x86.Build.0 = Debug|Any CPU
		{1599659D-7073-458D-9324-C10E380060F9}.Release|Any CPU.ActiveCfg = Release|Any CPU
		{1599659D-7073-458D-9324-C10E380060F9}.Release|Any CPU.Build.0 = Release|Any CPU
		{1599659D-7073-458D-9324-C10E380060F9}.Release|ARM.ActiveCfg = Release|Any CPU
		{1599659D-7073-458D-9324-C10E380060F9}.Release|ARM.Build.0 = Release|Any CPU
		{1599659D-7073-458D-9324-C10E380060F9}.Release|ARM64.ActiveCfg = Release|Any CPU
		{1599659D-7073-458D-9324-C10E380060F9}.Release|ARM64.Build.0 = Release|Any CPU
		{1599659D-7073-458D-9324-C10E380060F9}.Release|x64.ActiveCfg = Release|Any CPU
		{1599659D-7073-458D-9324-C10E380060F9}.Release|x64.Build.0 = Release|Any CPU
		{1599659D-7073-458D-9324-C10E380060F9}.Release|x86.ActiveCfg = Release|Any CPU
		{1599659D-7073-458D-9324-C10E380060F9}.Release|x86.Build.0 = Release|Any CPU
		{5DFEF6CB-11D5-4575-A645-9DD1772270F3}.Debug|Any CPU.ActiveCfg = Debug|Any CPU
		{5DFEF6CB-11D5-4575-A645-9DD1772270F3}.Debug|Any CPU.Build.0 = Debug|Any CPU
		{5DFEF6CB-11D5-4575-A645-9DD1772270F3}.Debug|ARM.ActiveCfg = Debug|Any CPU
		{5DFEF6CB-11D5-4575-A645-9DD1772270F3}.Debug|ARM.Build.0 = Debug|Any CPU
		{5DFEF6CB-11D5-4575-A645-9DD1772270F3}.Debug|ARM64.ActiveCfg = Debug|Any CPU
		{5DFEF6CB-11D5-4575-A645-9DD1772270F3}.Debug|ARM64.Build.0 = Debug|Any CPU
		{5DFEF6CB-11D5-4575-A645-9DD1772270F3}.Debug|x64.ActiveCfg = Debug|Any CPU
		{5DFEF6CB-11D5-4575-A645-9DD1772270F3}.Debug|x64.Build.0 = Debug|Any CPU
		{5DFEF6CB-11D5-4575-A645-9DD1772270F3}.Debug|x86.ActiveCfg = Debug|Any CPU
		{5DFEF6CB-11D5-4575-A645-9DD1772270F3}.Debug|x86.Build.0 = Debug|Any CPU
		{5DFEF6CB-11D5-4575-A645-9DD1772270F3}.Release|Any CPU.ActiveCfg = Release|Any CPU
		{5DFEF6CB-11D5-4575-A645-9DD1772270F3}.Release|Any CPU.Build.0 = Release|Any CPU
		{5DFEF6CB-11D5-4575-A645-9DD1772270F3}.Release|ARM.ActiveCfg = Release|Any CPU
		{5DFEF6CB-11D5-4575-A645-9DD1772270F3}.Release|ARM.Build.0 = Release|Any CPU
		{5DFEF6CB-11D5-4575-A645-9DD1772270F3}.Release|ARM64.ActiveCfg = Release|Any CPU
		{5DFEF6CB-11D5-4575-A645-9DD1772270F3}.Release|ARM64.Build.0 = Release|Any CPU
		{5DFEF6CB-11D5-4575-A645-9DD1772270F3}.Release|x64.ActiveCfg = Release|Any CPU
		{5DFEF6CB-11D5-4575-A645-9DD1772270F3}.Release|x64.Build.0 = Release|Any CPU
		{5DFEF6CB-11D5-4575-A645-9DD1772270F3}.Release|x86.ActiveCfg = Release|Any CPU
		{5DFEF6CB-11D5-4575-A645-9DD1772270F3}.Release|x86.Build.0 = Release|Any CPU
	EndGlobalSection
	GlobalSection(SolutionProperties) = preSolution
		HideSolutionNode = FALSE
	EndGlobalSection
	GlobalSection(ExtensibilityGlobals) = postSolution
		SolutionGuid = {C37BAB70-E8EA-435E-807B-72D2812C683F}
	EndGlobalSection
	GlobalSection(SharedMSBuildProjectFiles) = preSolution
		UnoApp1\UnoApp1.Shared\UnoApp1.Shared.projitems*{0dc9ad2a-6b0f-47a1-9fc5-222315b88c70}*SharedItemsImports = 5
		UnoApp1\UnoApp1.Shared\UnoApp1.Shared.projitems*{1599659d-7073-458d-9324-c10e380060f9}*SharedItemsImports = 5
		UnoApp1\UnoApp1.Shared\UnoApp1.Shared.projitems*{5dfef6cb-11d5-4575-a645-9dd1772270f3}*SharedItemsImports = 5
		UnoApp1\UnoApp1.Shared\UnoApp1.Shared.projitems*{6279c845-92f8-4333-ab99-3d213163593c}*SharedItemsImports = 13
		UnoApp1\UnoApp1.Shared\UnoApp1.Shared.projitems*{c7d907ed-980d-4949-9de2-7208e78ef371}*SharedItemsImports = 5
	EndGlobalSection
EndGlobal
